
Microsoft Visual Studio Solution File, Format Version 12.00
# Visual Studio 15
VisualStudioVersion = 15.0.26730.12
MinimumVisualStudioVersion = 10.0.40219.1
Project("{FAE04EC0-301F-11D3-BF4B-00C04F79EFBC}") = "MiPrimeraSolucion.Tests", "MiPrimeraSolucion\MiPrimeraSolucion.Tests.csproj", "{0098B580-FA83-4ED9-9902-ADC008D3AF51}"
EndProject
Project("{FAE04EC0-301F-11D3-BF4B-00C04F79EFBC}") = "MiPrimeraSolucion.UI", "MiPrimeraSolucion.UI\MiPrimeraSolucion.UI.csproj", "{8D13BC41-3BB3-4498-A29F-154D926579F3}"
	ProjectSection(ProjectDependencies) = postProject
		{ED481557-335B-4875-B091-559F3A2B0729} = {ED481557-335B-4875-B091-559F3A2B0729}
	EndProjectSection
EndProject
Project("{FAE04EC0-301F-11D3-BF4B-00C04F79EFBC}") = "MiPrimeraSolucion.BL", "MiPrimeraSolucion.BL\MiPrimeraSolucion.BL.csproj", "{ED481557-335B-4875-B091-559F3A2B0729}"
EndProject
Project("{2150E333-8FDC-42A3-9474-1A3956D46DE8}") = "Solution Items", "Solution Items", "{9669C1D2-0C2B-4ED1-B26A-D8C1D16DACFA}"
	ProjectSection(SolutionItems) = preProject
		tópicos-semana-2.docx = tópicos-semana-2.docx
	EndProjectSection
EndProject
Project("{FAE04EC0-301F-11D3-BF4B-00C04F79EFBC}") = "MiPrimeraSolucion.Model", "MiPrimeraSolucion.Model\MiPrimeraSolucion.Model.csproj", "{AF33487F-5269-499F-A4E0-5C23A360F6B7}"
EndProject
Project("{FAE04EC0-301F-11D3-BF4B-00C04F79EFBC}") = "MiPrimeraSolucion.Products.BL", "MiPrimeraSolucion.Products.BL\MiPrimeraSolucion.Products.BL.csproj", "{EA76FF42-4032-470F-8EDF-5BF57807E345}"
EndProject
Project("{2150E333-8FDC-42A3-9474-1A3956D46DE8}") = "Tests", "Tests", "{546A9F7D-55E5-4064-9ADF-8C81D256A28F}"
EndProject
Project("{FAE04EC0-301F-11D3-BF4B-00C04F79EFBC}") = "MiPrimeraSolucion.BL.Tests", "MiPrimeraSolucion.BL.Tests\MiPrimeraSolucion.BL.Tests.csproj", "{933F0655-A6B1-4F28-993C-096B77F3DE16}"
	ProjectSection(ProjectDependencies) = postProject
		{EA76FF42-4032-470F-8EDF-5BF57807E345} = {EA76FF42-4032-470F-8EDF-5BF57807E345}
	EndProjectSection
EndProject
Global
	GlobalSection(SolutionConfigurationPlatforms) = preSolution
		Debug|Any CPU = Debug|Any CPU
		Release|Any CPU = Release|Any CPU
	EndGlobalSection
	GlobalSection(ProjectConfigurationPlatforms) = postSolution
		{0098B580-FA83-4ED9-9902-ADC008D3AF51}.Debug|Any CPU.ActiveCfg = Debug|Any CPU
		{0098B580-FA83-4ED9-9902-ADC008D3AF51}.Debug|Any CPU.Build.0 = Debug|Any CPU
		{0098B580-FA83-4ED9-9902-ADC008D3AF51}.Release|Any CPU.ActiveCfg = Release|Any CPU
		{0098B580-FA83-4ED9-9902-ADC008D3AF51}.Release|Any CPU.Build.0 = Release|Any CPU
		{8D13BC41-3BB3-4498-A29F-154D926579F3}.Debug|Any CPU.ActiveCfg = Debug|Any CPU
		{8D13BC41-3BB3-4498-A29F-154D926579F3}.Debug|Any CPU.Build.0 = Debug|Any CPU
		{8D13BC41-3BB3-4498-A29F-154D926579F3}.Release|Any CPU.ActiveCfg = Release|Any CPU
		{8D13BC41-3BB3-4498-A29F-154D926579F3}.Release|Any CPU.Build.0 = Release|Any CPU
		{ED481557-335B-4875-B091-559F3A2B0729}.Debug|Any CPU.ActiveCfg = Debug|Any CPU
		{ED481557-335B-4875-B091-559F3A2B0729}.Debug|Any CPU.Build.0 = Debug|Any CPU
		{ED481557-335B-4875-B091-559F3A2B0729}.Release|Any CPU.ActiveCfg = Release|Any CPU
		{ED481557-335B-4875-B091-559F3A2B0729}.Release|Any CPU.Build.0 = Release|Any CPU
		{AF33487F-5269-499F-A4E0-5C23A360F6B7}.Debug|Any CPU.ActiveCfg = Debug|Any CPU
		{AF33487F-5269-499F-A4E0-5C23A360F6B7}.Debug|Any CPU.Build.0 = Debug|Any CPU
		{AF33487F-5269-499F-A4E0-5C23A360F6B7}.Release|Any CPU.ActiveCfg = Release|Any CPU
		{AF33487F-5269-499F-A4E0-5C23A360F6B7}.Release|Any CPU.Build.0 = Release|Any CPU
		{EA76FF42-4032-470F-8EDF-5BF57807E345}.Debug|Any CPU.ActiveCfg = Debug|Any CPU
		{EA76FF42-4032-470F-8EDF-5BF57807E345}.Debug|Any CPU.Build.0 = Debug|Any CPU
		{EA76FF42-4032-470F-8EDF-5BF57807E345}.Release|Any CPU.ActiveCfg = Release|Any CPU
		{EA76FF42-4032-470F-8EDF-5BF57807E345}.Release|Any CPU.Build.0 = Release|Any CPU
		{933F0655-A6B1-4F28-993C-096B77F3DE16}.Debug|Any CPU.ActiveCfg = Debug|Any CPU
		{933F0655-A6B1-4F28-993C-096B77F3DE16}.Debug|Any CPU.Build.0 = Debug|Any CPU
		{933F0655-A6B1-4F28-993C-096B77F3DE16}.Release|Any CPU.ActiveCfg = Release|Any CPU
		{933F0655-A6B1-4F28-993C-096B77F3DE16}.Release|Any CPU.Build.0 = Release|Any CPU
	EndGlobalSection
	GlobalSection(SolutionProperties) = preSolution
		HideSolutionNode = FALSE
	EndGlobalSection
	GlobalSection(NestedProjects) = preSolution
		{0098B580-FA83-4ED9-9902-ADC008D3AF51} = {546A9F7D-55E5-4064-9ADF-8C81D256A28F}
		{933F0655-A6B1-4F28-993C-096B77F3DE16} = {546A9F7D-55E5-4064-9ADF-8C81D256A28F}
	EndGlobalSection
	GlobalSection(ExtensibilityGlobals) = postSolution
		SolutionGuid = {D4DDA9AD-0A0D-4CE9-B162-53F3D47B93D3}
	EndGlobalSection
EndGlobal
